PODS:
  - CellAnimator (0.1.0)
  - CocoaLumberjack/Core (3.7.4)
  - CocoaLumberjack/Swift (3.7.4):
    - CocoaLumberjack/Core
  - MyColors (0.1.0)
  - SwiftLint (0.48.0)

DEPENDENCIES:
  - CellAnimator (from `TodoApp/CellAnimator`)
  - CocoaLumberjack/Swift
  - MyColors (from `TodoApp/MyColors`)
  - SwiftLint

SPEC REPOS:
  trunk:
    - CocoaLumberjack
    - SwiftLint

EXTERNAL SOURCES:
  CellAnimator:
    :path: TodoApp/CellAnimator
  MyColors:
    :path: TodoApp/MyColors

SPEC CHECKSUMS:
  CellAnimator: 52b0da46321a92bd09ccb1f1401af028fb95984a
  CocoaLumberjack: 543c79c114dadc3b1aba95641d8738b06b05b646
  MyColors: 6bc258bb2c1ab056307ac810ef596a92b5cecfb8
  SwiftLint: 284cea64b6187c5d6bd83e9a548a64104d546447

PODFILE CHECKSUM: dad185a18f34684cc84bd9479c338908439f61ac

COCOAPODS: 1.11.3
